
Microsoft Visual Studio Solution File, Format Version 12.00
# Visual Studio Version 17
VisualStudioVersion = 17.4.33213.308
MinimumVisualStudioVersion = 10.0.40219.1
Project("{FAE04EC0-301F-11D3-BF4B-00C04F79EFBC}") = "POC.API", "POC.API\POC.API.csproj", "{476A5787-83D6-4DFD-95BD-25EEAAF564BA}"
EndProject
Project("{FAE04EC0-301F-11D3-BF4B-00C04F79EFBC}") = "POC.Core", "POC.Core\POC.Core.csproj", "{0E1391B7-3F63-4DCF-AC47-181FCAFF36C2}"
EndProject
Project("{FAE04EC0-301F-11D3-BF4B-00C04F79EFBC}") = "POC.Infrastructure", "POC.Infrastructure\POC.Infrastructure.csproj", "{A93E06B6-1B45-44C3-BBCF-86331BAFB139}"
EndProject
Global
	GlobalSection(SolutionConfigurationPlatforms) = preSolution
		Debug|Any CPU = Debug|Any CPU
		Release|Any CPU = Release|Any CPU
	EndGlobalSection
	GlobalSection(ProjectConfigurationPlatforms) = postSolution
		{476A5787-83D6-4DFD-95BD-25EEAAF564BA}.Debug|Any CPU.ActiveCfg = Debug|Any CPU
		{476A5787-83D6-4DFD-95BD-25EEAAF564BA}.Debug|Any CPU.Build.0 = Debug|Any CPU
		{476A5787-83D6-4DFD-95BD-25EEAAF564BA}.Release|Any CPU.ActiveCfg = Release|Any CPU
		{476A5787-83D6-4DFD-95BD-25EEAAF564BA}.Release|Any CPU.Build.0 = Release|Any CPU
		{0E1391B7-3F63-4DCF-AC47-181FCAFF36C2}.Debug|Any CPU.ActiveCfg = Debug|Any CPU
		{0E1391B7-3F63-4DCF-AC47-181FCAFF36C2}.Debug|Any CPU.Build.0 = Debug|Any CPU
		{0E1391B7-3F63-4DCF-AC47-181FCAFF36C2}.Release|Any CPU.ActiveCfg = Release|Any CPU
		{0E1391B7-3F63-4DCF-AC47-181FCAFF36C2}.Release|Any CPU.Build.0 = Release|Any CPU
		{A93E06B6-1B45-44C3-BBCF-86331BAFB139}.Debug|Any CPU.ActiveCfg = Debug|Any CPU
		{A93E06B6-1B45-44C3-BBCF-86331BAFB139}.Debug|Any CPU.Build.0 = Debug|Any CPU
		{A93E06B6-1B45-44C3-BBCF-86331BAFB139}.Release|Any CPU.ActiveCfg = Release|Any CPU
		{A93E06B6-1B45-44C3-BBCF-86331BAFB139}.Release|Any CPU.Build.0 = Release|Any CPU
	EndGlobalSection
	GlobalSection(SolutionProperties) = preSolution
		HideSolutionNode = FALSE
	EndGlobalSection
	GlobalSection(ExtensibilityGlobals) = postSolution
		SolutionGuid = {0685B4C5-925D-4658-9598-E50571631A31}
	EndGlobalSection
EndGlobal
